
Microsoft Visual Studio Solution File, Format Version 12.00
# Visual Studio Version 17
VisualStudioVersion = 17.13.35931.197
MinimumVisualStudioVersion = 10.0.40219.1
Project("{FAE04EC0-301F-11D3-BF4B-00C04F79EFBC}") = "VesselManagementApi", "VesselManagementApi\VesselManagementApi.csproj", "{FFE138DA-7600-45B0-8747-F1686A3BF539}"
EndProject
Project("{FAE04EC0-301F-11D3-BF4B-00C04F79EFBC}") = "VesselManagementApi.Tests", "VesselManagementApi.Tests\VesselManagementApi.Tests.csproj", "{CA9E71ED-4747-413B-B4B0-19E3C0DDEDF1}"
	ProjectSection(ProjectDependencies) = postProject
		{FFE138DA-7600-45B0-8747-F1686A3BF539} = {FFE138DA-7600-45B0-8747-F1686A3BF539}
	EndProjectSection
EndProject
Project("{FAE04EC0-301F-11D3-BF4B-00C04F79EFBC}") = "VesselManagementClient", "VesselManagementClient\VesselManagementClient.csproj", "{823488BA-A42F-4A86-BAC7-B29CE66AE5DB}"
EndProject
Global
	GlobalSection(SolutionConfigurationPlatforms) = preSolution
		Debug|Any CPU = Debug|Any CPU
		Release|Any CPU = Release|Any CPU
	EndGlobalSection
	GlobalSection(ProjectConfigurationPlatforms) = postSolution
		{FFE138DA-7600-45B0-8747-F1686A3BF539}.Debug|Any CPU.ActiveCfg = Debug|Any CPU
		{FFE138DA-7600-45B0-8747-F1686A3BF539}.Debug|Any CPU.Build.0 = Debug|Any CPU
		{FFE138DA-7600-45B0-8747-F1686A3BF539}.Release|Any CPU.ActiveCfg = Release|Any CPU
		{FFE138DA-7600-45B0-8747-F1686A3BF539}.Release|Any CPU.Build.0 = Release|Any CPU
		{CA9E71ED-4747-413B-B4B0-19E3C0DDEDF1}.Debug|Any CPU.ActiveCfg = Debug|Any CPU
		{CA9E71ED-4747-413B-B4B0-19E3C0DDEDF1}.Debug|Any CPU.Build.0 = Debug|Any CPU
		{CA9E71ED-4747-413B-B4B0-19E3C0DDEDF1}.Release|Any CPU.ActiveCfg = Release|Any CPU
		{CA9E71ED-4747-413B-B4B0-19E3C0DDEDF1}.Release|Any CPU.Build.0 = Release|Any CPU
		{823488BA-A42F-4A86-BAC7-B29CE66AE5DB}.Debug|Any CPU.ActiveCfg = Debug|Any CPU
		{823488BA-A42F-4A86-BAC7-B29CE66AE5DB}.Debug|Any CPU.Build.0 = Debug|Any CPU
		{823488BA-A42F-4A86-BAC7-B29CE66AE5DB}.Release|Any CPU.ActiveCfg = Release|Any CPU
		{823488BA-A42F-4A86-BAC7-B29CE66AE5DB}.Release|Any CPU.Build.0 = Release|Any CPU
	EndGlobalSection
	GlobalSection(SolutionProperties) = preSolution
		HideSolutionNode = FALSE
	EndGlobalSection
	GlobalSection(ExtensibilityGlobals) = postSolution
		SolutionGuid = {84641B64-1C24-455E-B1F7-0571548AE528}
	EndGlobalSection
EndGlobal
